
Microsoft Visual Studio Solution File, Format Version 12.00
# Visual Studio Version 17
VisualStudioVersion = 17.11.35222.181
MinimumVisualStudioVersion = 10.0.40219.1
Project("{FAE04EC0-301F-11D3-BF4B-00C04F79EFBC}") = "WPF_Brickstore", "WPF_Brickstore.csproj", "{7A0323E7-7A16-4486-AA48-F9CB3FF71EC9}"
EndProject
Global
	GlobalSection(SolutionConfigurationPlatforms) = preSolution
		Debug|Any CPU = Debug|Any CPU
		Release|Any CPU = Release|Any CPU
	EndGlobalSection
	GlobalSection(ProjectConfigurationPlatforms) = postSolution
		{7A0323E7-7A16-4486-AA48-F9CB3FF71EC9}.Debug|Any CPU.ActiveCfg = Debug|Any CPU
		{7A0323E7-7A16-4486-AA48-F9CB3FF71EC9}.Debug|Any CPU.Build.0 = Debug|Any CPU
		{7A0323E7-7A16-4486-AA48-F9CB3FF71EC9}.Release|Any CPU.ActiveCfg = Release|Any CPU
		{7A0323E7-7A16-4486-AA48-F9CB3FF71EC9}.Release|Any CPU.Build.0 = Release|Any CPU
	EndGlobalSection
	GlobalSection(SolutionProperties) = preSolution
		HideSolutionNode = FALSE
	EndGlobalSection
	GlobalSection(ExtensibilityGlobals) = postSolution
		SolutionGuid = {F3FF851C-26FC-4496-8AD3-1A2889447540}
	EndGlobalSection
EndGlobal
